
Microsoft Visual Studio Solution File, Format Version 12.00
# Visual Studio Version 16
VisualStudioVersion = 16.0.29326.143
MinimumVisualStudioVersion = 10.0.40219.1
Project("{9A19103F-16F7-4668-BE54-9A1E7A4F7556}") = "PrismaDB.QueryAST", "src\PrismaDB.QueryAST\PrismaDB.QueryAST.csproj", "{EACF586D-CF0C-4C49-8D9D-7B52C2A0511C}"
EndProject
Project("{2150E333-8FDC-42A3-9474-1A3956D46DE8}") = "Solution Items", "Solution Items", "{574D9D80-FA53-4FF9-8542-0DFAA71BE2E1}"
	ProjectSection(SolutionItems) = preProject
		.gitattributes = .gitattributes
		.gitignore = .gitignore
		Directory.Build.props = Directory.Build.props
		nuget.config = nuget.config
		README.md = README.md
	EndProjectSection
EndProject
Project("{9A19103F-16F7-4668-BE54-9A1E7A4F7556}") = "QueryTests", "test\QueryTests\QueryTests.csproj", "{11BD3B3B-0ED8-4C52-A1D7-7F7E0882B852}"
EndProject
Project("{2150E333-8FDC-42A3-9474-1A3956D46DE8}") = "src", "src", "{172F11C8-8DD5-41F4-BA58-7DCB06C64760}"
EndProject
Project("{2150E333-8FDC-42A3-9474-1A3956D46DE8}") = "test", "test", "{510C47B2-6FF4-4505-9608-5B4F0DEC7E9B}"
EndProject
Project("{2150E333-8FDC-42A3-9474-1A3956D46DE8}") = "ci", "ci", "{788C05FF-2AE6-499F-82CF-9D8775DF5DBC}"
	ProjectSection(SolutionItems) = preProject
		.github\workflows\release-dotnet-nuget.yml = .github\workflows\release-dotnet-nuget.yml
		.github\workflows\test-dotnet-windows.yml = .github\workflows\test-dotnet-windows.yml
	EndProjectSection
EndProject
Global
	GlobalSection(SolutionConfigurationPlatforms) = preSolution
		Debug|Any CPU = Debug|Any CPU
		Release|Any CPU = Release|Any CPU
	EndGlobalSection
	GlobalSection(ProjectConfigurationPlatforms) = postSolution
		{EACF586D-CF0C-4C49-8D9D-7B52C2A0511C}.Debug|Any CPU.ActiveCfg = Debug|Any CPU
		{EACF586D-CF0C-4C49-8D9D-7B52C2A0511C}.Debug|Any CPU.Build.0 = Debug|Any CPU
		{EACF586D-CF0C-4C49-8D9D-7B52C2A0511C}.Release|Any CPU.ActiveCfg = Release|Any CPU
		{EACF586D-CF0C-4C49-8D9D-7B52C2A0511C}.Release|Any CPU.Build.0 = Release|Any CPU
		{11BD3B3B-0ED8-4C52-A1D7-7F7E0882B852}.Debug|Any CPU.ActiveCfg = Debug|Any CPU
		{11BD3B3B-0ED8-4C52-A1D7-7F7E0882B852}.Debug|Any CPU.Build.0 = Debug|Any CPU
		{11BD3B3B-0ED8-4C52-A1D7-7F7E0882B852}.Release|Any CPU.ActiveCfg = Release|Any CPU
		{11BD3B3B-0ED8-4C52-A1D7-7F7E0882B852}.Release|Any CPU.Build.0 = Release|Any CPU
	EndGlobalSection
	GlobalSection(SolutionProperties) = preSolution
		HideSolutionNode = FALSE
	EndGlobalSection
	GlobalSection(NestedProjects) = preSolution
		{EACF586D-CF0C-4C49-8D9D-7B52C2A0511C} = {172F11C8-8DD5-41F4-BA58-7DCB06C64760}
		{11BD3B3B-0ED8-4C52-A1D7-7F7E0882B852} = {510C47B2-6FF4-4505-9608-5B4F0DEC7E9B}
	EndGlobalSection
	GlobalSection(ExtensibilityGlobals) = postSolution
		SolutionGuid = {60B27EEC-5A0F-4517-8597-613CBA592E7E}
	EndGlobalSection
EndGlobal
